
Microsoft Visual Studio Solution File, Format Version 12.00
# Visual Studio 15
Project("{FAE04EC0-301F-11D3-BF4B-00C04F79EFBC}") = "Assembly-CSharp", "Assembly-CSharp.csproj", "{70739D37-6737-4957-8E70-966655BA9C9E}"
EndProject
Project("{FAE04EC0-301F-11D3-BF4B-00C04F79EFBC}") = "Assembly-CSharp-Editor", "Assembly-CSharp-Editor.csproj", "{6E0B086F-73F1-551C-B66A-32329CEB7EB1}"
EndProject
Global
	GlobalSection(SolutionConfigurationPlatforms) = preSolution
		Debug|Any CPU = Debug|Any CPU
		Release|Any CPU = Release|Any CPU
	EndGlobalSection
	GlobalSection(ProjectConfigurationPlatforms) = postSolution
		{70739D37-6737-4957-8E70-966655BA9C9E}.Debug|Any CPU.ActiveCfg = Debug|Any CPU
		{70739D37-6737-4957-8E70-966655BA9C9E}.Debug|Any CPU.Build.0 = Debug|Any CPU
		{70739D37-6737-4957-8E70-966655BA9C9E}.Release|Any CPU.ActiveCfg = Release|Any CPU
		{70739D37-6737-4957-8E70-966655BA9C9E}.Release|Any CPU.Build.0 = Release|Any CPU
		{6E0B086F-73F1-551C-B66A-32329CEB7EB1}.Debug|Any CPU.ActiveCfg = Debug|Any CPU
		{6E0B086F-73F1-551C-B66A-32329CEB7EB1}.Debug|Any CPU.Build.0 = Debug|Any CPU
		{6E0B086F-73F1-551C-B66A-32329CEB7EB1}.Release|Any CPU.ActiveCfg = Release|Any CPU
		{6E0B086F-73F1-551C-B66A-32329CEB7EB1}.Release|Any CPU.Build.0 = Release|Any CPU
	EndGlobalSection
	GlobalSection(SolutionProperties) = preSolution
		HideSolutionNode = FALSE
	EndGlobalSection
EndGlobal
